// !$*UTF8*$!
{
	archiveVersion = 1;
	classes = {
	};
	objectVersion = 55;
	objects = {

/* Begin PBXBuildFile section */
		7D06963A2871B9F600E4F021 /* Post.swift in Sources */ = {isa = PBXBuildFile; fileRef = 7D0696392871B9F600E4F021 /* Post.swift */; };
		7D06963D2871BA4F00E4F021 /* User.swift in Sources */ = {isa = PBXBuildFile; fileRef = 7D06963C2871BA4F00E4F021 /* User.swift */; };
		7D0696402871C00800E4F021 /* LaunchScreen.storyboard in Resources */ = {isa = PBXBuildFile; fileRef = 7D06963F2871C00800E4F021 /* LaunchScreen.storyboard */; };
		7D0696442871C21F00E4F021 /* AddPostViewController.swift in Sources */ = {isa = PBXBuildFile; fileRef = 7D0696422871C21F00E4F021 /* AddPostViewController.swift */; };
		7D0696452871C21F00E4F021 /* AddPostViewController.xib in Resources */ = {isa = PBXBuildFile; fileRef = 7D0696432871C21F00E4F021 /* AddPostViewController.xib */; };
		7D0A77B62875571000AFCC3D /* SettingsViewModel.swift in Sources */ = {isa = PBXBuildFile; fileRef = 7D0A77B52875571000AFCC3D /* SettingsViewModel.swift */; };
		7D8DA9C1286CADCA00ADC671 /* AppDelegate.swift in Sources */ = {isa = PBXBuildFile; fileRef = 7D8DA9C0286CADCA00ADC671 /* AppDelegate.swift */; };
		7D8DA9CA286CADCA00ADC671 /* Assets.xcassets in Resources */ = {isa = PBXBuildFile; fileRef = 7D8DA9C9286CADCA00ADC671 /* Assets.xcassets */; };
		7D8DA9D8286CADCB00ADC671 /* iOSExamTestTests.swift in Sources */ = {isa = PBXBuildFile; fileRef = 7D8DA9D7286CADCB00ADC671 /* iOSExamTestTests.swift */; };
		7D8DA9E2286CADCB00ADC671 /* iOSExamTestUITests.swift in Sources */ = {isa = PBXBuildFile; fileRef = 7D8DA9E1286CADCB00ADC671 /* iOSExamTestUITests.swift */; };
		7D8DA9E4286CADCB00ADC671 /* iOSExamTestUITestsLaunchTests.swift in Sources */ = {isa = PBXBuildFile; fileRef = 7D8DA9E3286CADCB00ADC671 /* iOSExamTestUITestsLaunchTests.swift */; };
		7D8DA9FA286CB24600ADC671 /* LoginViewController.swift in Sources */ = {isa = PBXBuildFile; fileRef = 7D8DA9F8286CB24600ADC671 /* LoginViewController.swift */; };
		7D8DA9FB286CB24600ADC671 /* LoginViewController.xib in Resources */ = {isa = PBXBuildFile; fileRef = 7D8DA9F9286CB24600ADC671 /* LoginViewController.xib */; };
		7D8DA9FD286CB25E00ADC671 /* LoginViewModelProtocol.swift in Sources */ = {isa = PBXBuildFile; fileRef = 7D8DA9FC286CB25E00ADC671 /* LoginViewModelProtocol.swift */; };
		7D8DA9FF286CB26F00ADC671 /* LoginViewModel.swift in Sources */ = {isa = PBXBuildFile; fileRef = 7D8DA9FE286CB26F00ADC671 /* LoginViewModel.swift */; };
		7D8DAA03286CB6CB00ADC671 /* GoogleService-Info.plist in Resources */ = {isa = PBXBuildFile; fileRef = 7D8DAA02286CB6CB00ADC671 /* GoogleService-Info.plist */; };
		7D8DAA06286CB75D00ADC671 /* AppDelegate+Firebase.swift in Sources */ = {isa = PBXBuildFile; fileRef = 7D8DAA05286CB75D00ADC671 /* AppDelegate+Firebase.swift */; };
		7D8DAA08286CBA5E00ADC671 /* UserInputValidity.swift in Sources */ = {isa = PBXBuildFile; fileRef = 7D8DAA07286CBA5E00ADC671 /* UserInputValidity.swift */; };
		7D8DAA0B286CBAD300ADC671 /* FirebaseAuthenticationManager.swift in Sources */ = {isa = PBXBuildFile; fileRef = 7D8DAA0A286CBAD300ADC671 /* FirebaseAuthenticationManager.swift */; };
		7D8DAA0E286CBE2700ADC671 /* UserCredentials.swift in Sources */ = {isa = PBXBuildFile; fileRef = 7D8DAA0D286CBE2700ADC671 /* UserCredentials.swift */; };
		7D8DAA11286CBEA100ADC671 /* Closures.swift in Sources */ = {isa = PBXBuildFile; fileRef = 7D8DAA10286CBEA100ADC671 /* Closures.swift */; };
		7D8DAA16286CC06300ADC671 /* UIVIewController+ErrorHandling.swift in Sources */ = {isa = PBXBuildFile; fileRef = 7D8DAA15286CC06300ADC671 /* UIVIewController+ErrorHandling.swift */; };
		7D8DAA18286CC52C00ADC671 /* AppDelegate+RootViewController.swift in Sources */ = {isa = PBXBuildFile; fileRef = 7D8DAA17286CC52C00ADC671 /* AppDelegate+RootViewController.swift */; };
		7D8DAA1B286CC58700ADC671 /* UIWindow+RootController.swift in Sources */ = {isa = PBXBuildFile; fileRef = 7D8DAA1A286CC58700ADC671 /* UIWindow+RootController.swift */; };
		7D8DAA1D286CD2C900ADC671 /* Notifications.swift in Sources */ = {isa = PBXBuildFile; fileRef = 7D8DAA1C286CD2C900ADC671 /* Notifications.swift */; };
		7D8DAA1F286CD37600ADC671 /* AppDelegate+Notifications.swift in Sources */ = {isa = PBXBuildFile; fileRef = 7D8DAA1E286CD37600ADC671 /* AppDelegate+Notifications.swift */; };
		7D8DAA21286CD45700ADC671 /* UIViewController+Utils.swift in Sources */ = {isa = PBXBuildFile; fileRef = 7D8DAA20286CD45700ADC671 /* UIViewController+Utils.swift */; };
		7DEA2E71286DE9600095C1B9 /* DashboardViewController.swift in Sources */ = {isa = PBXBuildFile; fileRef = 7DEA2E70286DE9600095C1B9 /* DashboardViewController.swift */; };
		7DEA2E74286DEBF80095C1B9 /* HomeViewController.swift in Sources */ = {isa = PBXBuildFile; fileRef = 7DEA2E72286DEBF80095C1B9 /* HomeViewController.swift */; };
		7DEA2E75286DEBF80095C1B9 /* HomeViewController.xib in Resources */ = {isa = PBXBuildFile; fileRef = 7DEA2E73286DEBF80095C1B9 /* HomeViewController.xib */; };
		7DEA2E78286DEC120095C1B9 /* ProfileViewController.swift in Sources */ = {isa = PBXBuildFile; fileRef = 7DEA2E76286DEC120095C1B9 /* ProfileViewController.swift */; };
		7DEA2E79286DEC120095C1B9 /* ProfileViewController.xib in Resources */ = {isa = PBXBuildFile; fileRef = 7DEA2E77286DEC120095C1B9 /* ProfileViewController.xib */; };
		7DEA2E7D286DEC2A0095C1B9 /* SettingsViewController.swift in Sources */ = {isa = PBXBuildFile; fileRef = 7DEA2E7B286DEC2A0095C1B9 /* SettingsViewController.swift */; };
		7DEA2E7E286DEC2A0095C1B9 /* SettingsViewController.xib in Resources */ = {isa = PBXBuildFile; fileRef = 7DEA2E7C286DEC2A0095C1B9 /* SettingsViewController.xib */; };
		7DF2AD6A2874191A005874AD /* ProfileAPI.swift in Sources */ = {isa = PBXBuildFile; fileRef = 7DF2AD692874191A005874AD /* ProfileAPI.swift */; };
		7DF2AD6C28742F11005874AD /* FirebaseAPIHelper.swift in Sources */ = {isa = PBXBuildFile; fileRef = 7DF2AD6B28742F11005874AD /* FirebaseAPIHelper.swift */; };
		7DF2AD7028743444005874AD /* AddPostAPIParams.swift in Sources */ = {isa = PBXBuildFile; fileRef = 7DF2AD6F28743443005874AD /* AddPostAPIParams.swift */; };
		7DF2AD7228743872005874AD /* AddPostViewModelProtocol.swift in Sources */ = {isa = PBXBuildFile; fileRef = 7DF2AD7128743872005874AD /* AddPostViewModelProtocol.swift */; };
		7DF2AD74287438A4005874AD /* AddPostViewModel.swift in Sources */ = {isa = PBXBuildFile; fileRef = 7DF2AD73287438A3005874AD /* AddPostViewModel.swift */; };
		7DF2AD7628743987005874AD /* App.swift in Sources */ = {isa = PBXBuildFile; fileRef = 7DF2AD7528743987005874AD /* App.swift */; };
		7DF2AD7D287464E9005874AD /* PostItemTableViewCell.swift in Sources */ = {isa = PBXBuildFile; fileRef = 7DF2AD7B287464E8005874AD /* PostItemTableViewCell.swift */; };
		7DF2AD7E287464E9005874AD /* PostItemTableViewCell.xib in Resources */ = {isa = PBXBuildFile; fileRef = 7DF2AD7C287464E9005874AD /* PostItemTableViewCell.xib */; };
		7DF2AD80287466F9005874AD /* PostItemCellViewModelProtocol.swift in Sources */ = {isa = PBXBuildFile; fileRef = 7DF2AD7F287466F9005874AD /* PostItemCellViewModelProtocol.swift */; };
		7DF2AD8228746728005874AD /* PostItemCellViewModel.swift in Sources */ = {isa = PBXBuildFile; fileRef = 7DF2AD8128746728005874AD /* PostItemCellViewModel.swift */; };
		7DF2AD872874690E005874AD /* RegistrationViewController.swift in Sources */ = {isa = PBXBuildFile; fileRef = 7DF2AD852874690E005874AD /* RegistrationViewController.swift */; };
		7DF2AD882874690E005874AD /* RegistrationViewController.xib in Resources */ = {isa = PBXBuildFile; fileRef = 7DF2AD862874690E005874AD /* RegistrationViewController.xib */; };
		7DF2AD8B2874DA12005874AD /* UITableViewCell+Dequeue.swift in Sources */ = {isa = PBXBuildFile; fileRef = 7DF2AD8A2874DA12005874AD /* UITableViewCell+Dequeue.swift */; };
		7DF2AD8E2874DA49005874AD /* UITableView+Dequeue.swift in Sources */ = {isa = PBXBuildFile; fileRef = 7DF2AD8D2874DA49005874AD /* UITableView+Dequeue.swift */; };
		7DF2AD902874DBC2005874AD /* HomeViewModelProtocol.swift in Sources */ = {isa = PBXBuildFile; fileRef = 7DF2AD8F2874DBC2005874AD /* HomeViewModelProtocol.swift */; };
		7DF2AD922874DC0E005874AD /* HomeViewModel.swift in Sources */ = {isa = PBXBuildFile; fileRef = 7DF2AD912874DC0E005874AD /* HomeViewModel.swift */; };
		7DF2AD942874EE34005874AD /* RegistrationViewModelProtocol.swift in Sources */ = {isa = PBXBuildFile; fileRef = 7DF2AD932874EE34005874AD /* RegistrationViewModelProtocol.swift */; };
		7DF2AD962874F03E005874AD /* RegistrationViewModel.swift in Sources */ = {isa = PBXBuildFile; fileRef = 7DF2AD952874F03E005874AD /* RegistrationViewModel.swift */; };
		7DF2AD982874F274005874AD /* RegisterProfileAPIParams.swift in Sources */ = {isa = PBXBuildFile; fileRef = 7DF2AD972874F274005874AD /* RegisterProfileAPIParams.swift */; };
		7DF2AD9B28753F7F005874AD /* ProfileViewModel.swift in Sources */ = {isa = PBXBuildFile; fileRef = 7DF2AD9A28753F7F005874AD /* ProfileViewModel.swift */; };
		7DF2AD9D28754948005874AD /* ProfileViewModelProtocol.swift in Sources */ = {isa = PBXBuildFile; fileRef = 7DF2AD9C28754948005874AD /* ProfileViewModelProtocol.swift */; };
		7DF2AD9F28755554005874AD /* SettingsViewModelProtocol.swift in Sources */ = {isa = PBXBuildFile; fileRef = 7DF2AD9E28755554005874AD /* SettingsViewModelProtocol.swift */; };
		B4858B1739EC79A41CF622A4 /* Pods_iOSExamTest.framework in Frameworks */ = {isa = PBXBuildFile; fileRef = F067A1334CCEFCF18E045B48 /* Pods_iOSExamTest.framework */; };
/* End PBXBuildFile section */

/* Begin PBXContainerItemProxy section */
		7D8DA9D4286CADCB00ADC671 /* PBXContainerItemProxy */ = {
			isa = PBXContainerItemProxy;
			containerPortal = 7D8DA9B5286CADCA00ADC671 /* Project object */;
			proxyType = 1;
			remoteGlobalIDString = 7D8DA9BC286CADCA00ADC671;
			remoteInfo = iOSExamTest;
		};
		7D8DA9DE286CADCB00ADC671 /* PBXContainerItemProxy */ = {
			isa = PBXContainerItemProxy;
			containerPortal = 7D8DA9B5286CADCA00ADC671 /* Project object */;
			proxyType = 1;
			remoteGlobalIDString = 7D8DA9BC286CADCA00ADC671;
			remoteInfo = iOSExamTest;
		};
/* End PBXContainerItemProxy section */

/* Begin PBXFileReference section */
		2CE7DCADEABBA4E99144E322 /* Pods-iOSExamTest.debug.xcconfig */ = {isa = PBXFileReference; includeInIndex = 1; lastKnownFileType = text.xcconfig; name = "Pods-iOSExamTest.debug.xcconfig"; path = "Target Support Files/Pods-iOSExamTest/Pods-iOSExamTest.debug.xcconfig"; sourceTree = "<group>"; };
		7D0696392871B9F600E4F021 /* Post.swift */ = {isa = PBXFileReference; lastKnownFileType = sourcecode.swift; path = Post.swift; sourceTree = "<group>"; };
		7D06963C2871BA4F00E4F021 /* User.swift */ = {isa = PBXFileReference; lastKnownFileType = sourcecode.swift; path = User.swift; sourceTree = "<group>"; };
		7D06963F2871C00800E4F021 /* LaunchScreen.storyboard */ = {isa = PBXFileReference; lastKnownFileType = file.storyboard; path = LaunchScreen.storyboard; sourceTree = "<group>"; };
		7D0696422871C21F00E4F021 /* AddPostViewController.swift */ = {isa = PBXFileReference; lastKnownFileType = sourcecode.swift; path = AddPostViewController.swift; sourceTree = "<group>"; };
		7D0696432871C21F00E4F021 /* AddPostViewController.xib */ = {isa = PBXFileReference; lastKnownFileType = file.xib; path = AddPostViewController.xib; sourceTree = "<group>"; };
		7D0A77B52875571000AFCC3D /* SettingsViewModel.swift */ = {isa = PBXFileReference; lastKnownFileType = sourcecode.swift; path = SettingsViewModel.swift; sourceTree = "<group>"; };
		7D8DA9BD286CADCA00ADC671 /* iOSExamTest.app */ = {isa = PBXFileReference; explicitFileType = wrapper.application; includeInIndex = 0; path = iOSExamTest.app; sourceTree = BUILT_PRODUCTS_DIR; };
		7D8DA9C0286CADCA00ADC671 /* AppDelegate.swift */ = {isa = PBXFileReference; lastKnownFileType = sourcecode.swift; path = AppDelegate.swift; sourceTree = "<group>"; };
		7D8DA9C9286CADCA00ADC671 /* Assets.xcassets */ = {isa = PBXFileReference; lastKnownFileType = folder.assetcatalog; path = Assets.xcassets; sourceTree = "<group>"; };
		7D8DA9CE286CADCA00ADC671 /* Info.plist */ = {isa = PBXFileReference; lastKnownFileType = text.plist.xml; path = Info.plist; sourceTree = "<group>"; };
		7D8DA9D3286CADCB00ADC671 /* iOSExamTestTests.xctest */ = {isa = PBXFileReference; explicitFileType = wrapper.cfbundle; includeInIndex = 0; path = iOSExamTestTests.xctest; sourceTree = BUILT_PRODUCTS_DIR; };
		7D8DA9D7286CADCB00ADC671 /* iOSExamTestTests.swift */ = {isa = PBXFileReference; lastKnownFileType = sourcecode.swift; path = iOSExamTestTests.swift; sourceTree = "<group>"; };
		7D8DA9DD286CADCB00ADC671 /* iOSExamTestUITests.xctest */ = {isa = PBXFileReference; explicitFileType = wrapper.cfbundle; includeInIndex = 0; path = iOSExamTestUITests.xctest; sourceTree = BUILT_PRODUCTS_DIR; };
		7D8DA9E1286CADCB00ADC671 /* iOSExamTestUITests.swift */ = {isa = PBXFileReference; lastKnownFileType = sourcecode.swift; path = iOSExamTestUITests.swift; sourceTree = "<group>"; };
		7D8DA9E3286CADCB00ADC671 /* iOSExamTestUITestsLaunchTests.swift */ = {isa = PBXFileReference; lastKnownFileType = sourcecode.swift; path = iOSExamTestUITestsLaunchTests.swift; sourceTree = "<group>"; };
		7D8DA9F8286CB24600ADC671 /* LoginViewController.swift */ = {isa = PBXFileReference; lastKnownFileType = sourcecode.swift; path = LoginViewController.swift; sourceTree = "<group>"; };
		7D8DA9F9286CB24600ADC671 /* LoginViewController.xib */ = {isa = PBXFileReference; lastKnownFileType = file.xib; path = LoginViewController.xib; sourceTree = "<group>"; };
		7D8DA9FC286CB25E00ADC671 /* LoginViewModelProtocol.swift */ = {isa = PBXFileReference; lastKnownFileType = sourcecode.swift; path = LoginViewModelProtocol.swift; sourceTree = "<group>"; };
		7D8DA9FE286CB26F00ADC671 /* LoginViewModel.swift */ = {isa = PBXFileReference; lastKnownFileType = sourcecode.swift; path = LoginViewModel.swift; sourceTree = "<group>"; };
		7D8DAA02286CB6CB00ADC671 /* GoogleService-Info.plist */ = {isa = PBXFileReference; lastKnownFileType = text.plist; path = "GoogleService-Info.plist"; sourceTree = SOURCE_ROOT; };
		7D8DAA05286CB75D00ADC671 /* AppDelegate+Firebase.swift */ = {isa = PBXFileReference; lastKnownFileType = sourcecode.swift; path = "AppDelegate+Firebase.swift"; sourceTree = "<group>"; };
		7D8DAA07286CBA5E00ADC671 /* UserInputValidity.swift */ = {isa = PBXFileReference; lastKnownFileType = sourcecode.swift; path = UserInputValidity.swift; sourceTree = "<group>"; };
		7D8DAA0A286CBAD300ADC671 /* FirebaseAuthenticationManager.swift */ = {isa = PBXFileReference; lastKnownFileType = sourcecode.swift; path = FirebaseAuthenticationManager.swift; sourceTree = "<group>"; };
		7D8DAA0D286CBE2700ADC671 /* UserCredentials.swift */ = {isa = PBXFileReference; lastKnownFileType = sourcecode.swift; path = UserCredentials.swift; sourceTree = "<group>"; };
		7D8DAA10286CBEA100ADC671 /* Closures.swift */ = {isa = PBXFileReference; lastKnownFileType = sourcecode.swift; path = Closures.swift; sourceTree = "<group>"; };
		7D8DAA15286CC06300ADC671 /* UIVIewController+ErrorHandling.swift */ = {isa = PBXFileReference; lastKnownFileType = sourcecode.swift; path = "UIVIewController+ErrorHandling.swift"; sourceTree = "<group>"; };
		7D8DAA17286CC52C00ADC671 /* AppDelegate+RootViewController.swift */ = {isa = PBXFileReference; lastKnownFileType = sourcecode.swift; path = "AppDelegate+RootViewController.swift"; sourceTree = "<group>"; };
		7D8DAA1A286CC58700ADC671 /* UIWindow+RootController.swift */ = {isa = PBXFileReference; lastKnownFileType = sourcecode.swift; path = "UIWindow+RootController.swift"; sourceTree = "<group>"; };
		7D8DAA1C286CD2C900ADC671 /* Notifications.swift */ = {isa = PBXFileReference; lastKnownFileType = sourcecode.swift; path = Notifications.swift; sourceTree = "<group>"; };
		7D8DAA1E286CD37600ADC671 /* AppDelegate+Notifications.swift */ = {isa = PBXFileReference; lastKnownFileType = sourcecode.swift; path = "AppDelegate+Notifications.swift"; sourceTree = "<group>"; };
		7D8DAA20286CD45700ADC671 /* UIViewController+Utils.swift */ = {isa = PBXFileReference; lastKnownFileType = sourcecode.swift; path = "UIViewController+Utils.swift"; sourceTree = "<group>"; };
		7DEA2E70286DE9600095C1B9 /* DashboardViewController.swift */ = {isa = PBXFileReference; lastKnownFileType = sourcecode.swift; path = DashboardViewController.swift; sourceTree = "<group>"; };
		7DEA2E72286DEBF80095C1B9 /* HomeViewController.swift */ = {isa = PBXFileReference; lastKnownFileType = sourcecode.swift; path = HomeViewController.swift; sourceTree = "<group>"; };
		7DEA2E73286DEBF80095C1B9 /* HomeViewController.xib */ = {isa = PBXFileReference; lastKnownFileType = file.xib; path = HomeViewController.xib; sourceTree = "<group>"; };
		7DEA2E76286DEC120095C1B9 /* ProfileViewController.swift */ = {isa = PBXFileReference; lastKnownFileType = sourcecode.swift; path = ProfileViewController.swift; sourceTree = "<group>"; };
		7DEA2E77286DEC120095C1B9 /* ProfileViewController.xib */ = {isa = PBXFileReference; lastKnownFileType = file.xib; path = ProfileViewController.xib; sourceTree = "<group>"; };
		7DEA2E7B286DEC2A0095C1B9 /* SettingsViewController.swift */ = {isa = PBXFileReference; lastKnownFileType = sourcecode.swift; path = SettingsViewController.swift; sourceTree = "<group>"; };
		7DEA2E7C286DEC2A0095C1B9 /* SettingsViewController.xib */ = {isa = PBXFileReference; lastKnownFileType = file.xib; path = SettingsViewController.xib; sourceTree = "<group>"; };
		7DF2AD692874191A005874AD /* ProfileAPI.swift */ = {isa = PBXFileReference; lastKnownFileType = sourcecode.swift; path = ProfileAPI.swift; sourceTree = "<group>"; };
		7DF2AD6B28742F11005874AD /* FirebaseAPIHelper.swift */ = {isa = PBXFileReference; lastKnownFileType = sourcecode.swift; path = FirebaseAPIHelper.swift; sourceTree = "<group>"; };
		7DF2AD6F28743443005874AD /* AddPostAPIParams.swift */ = {isa = PBXFileReference; lastKnownFileType = sourcecode.swift; path = AddPostAPIParams.swift; sourceTree = "<group>"; };
		7DF2AD7128743872005874AD /* AddPostViewModelProtocol.swift */ = {isa = PBXFileReference; lastKnownFileType = sourcecode.swift; path = AddPostViewModelProtocol.swift; sourceTree = "<group>"; };
		7DF2AD73287438A3005874AD /* AddPostViewModel.swift */ = {isa = PBXFileReference; lastKnownFileType = sourcecode.swift; path = AddPostViewModel.swift; sourceTree = "<group>"; };
		7DF2AD7528743987005874AD /* App.swift */ = {isa = PBXFileReference; lastKnownFileType = sourcecode.swift; path = App.swift; sourceTree = "<group>"; };
		7DF2AD7B287464E8005874AD /* PostItemTableViewCell.swift */ = {isa = PBXFileReference; lastKnownFileType = sourcecode.swift; path = PostItemTableViewCell.swift; sourceTree = "<group>"; };
		7DF2AD7C287464E9005874AD /* PostItemTableViewCell.xib */ = {isa = PBXFileReference; lastKnownFileType = file.xib; path = PostItemTableViewCell.xib; sourceTree = "<group>"; };
		7DF2AD7F287466F9005874AD /* PostItemCellViewModelProtocol.swift */ = {isa = PBXFileReference; lastKnownFileType = sourcecode.swift; path = PostItemCellViewModelProtocol.swift; sourceTree = "<group>"; };
		7DF2AD8128746728005874AD /* PostItemCellViewModel.swift */ = {isa = PBXFileReference; lastKnownFileType = sourcecode.swift; path = PostItemCellViewModel.swift; sourceTree = "<group>"; };
		7DF2AD852874690E005874AD /* RegistrationViewController.swift */ = {isa = PBXFileReference; lastKnownFileType = sourcecode.swift; path = RegistrationViewController.swift; sourceTree = "<group>"; };
		7DF2AD862874690E005874AD /* RegistrationViewController.xib */ = {isa = PBXFileReference; lastKnownFileType = file.xib; path = RegistrationViewController.xib; sourceTree = "<group>"; };
		7DF2AD8A2874DA12005874AD /* UITableViewCell+Dequeue.swift */ = {isa = PBXFileReference; lastKnownFileType = sourcecode.swift; path = "UITableViewCell+Dequeue.swift"; sourceTree = "<group>"; };
		7DF2AD8D2874DA49005874AD /* UITableView+Dequeue.swift */ = {isa = PBXFileReference; lastKnownFileType = sourcecode.swift; path = "UITableView+Dequeue.swift"; sourceTree = "<group>"; };
		7DF2AD8F2874DBC2005874AD /* HomeViewModelProtocol.swift */ = {isa = PBXFileReference; lastKnownFileType = sourcecode.swift; path = HomeViewModelProtocol.swift; sourceTree = "<group>"; };
		7DF2AD912874DC0E005874AD /* HomeViewModel.swift */ = {isa = PBXFileReference; lastKnownFileType = sourcecode.swift; path = HomeViewModel.swift; sourceTree = "<group>"; };
		7DF2AD932874EE34005874AD /* RegistrationViewModelProtocol.swift */ = {isa = PBXFileReference; lastKnownFileType = sourcecode.swift; path = RegistrationViewModelProtocol.swift; sourceTree = "<group>"; };
		7DF2AD952874F03E005874AD /* RegistrationViewModel.swift */ = {isa = PBXFileReference; lastKnownFileType = sourcecode.swift; path = RegistrationViewModel.swift; sourceTree = "<group>"; };
		7DF2AD972874F274005874AD /* RegisterProfileAPIParams.swift */ = {isa = PBXFileReference; lastKnownFileType = sourcecode.swift; path = RegisterProfileAPIParams.swift; sourceTree = "<group>"; };
		7DF2AD9A28753F7F005874AD /* ProfileViewModel.swift */ = {isa = PBXFileReference; lastKnownFileType = sourcecode.swift; path = ProfileViewModel.swift; sourceTree = "<group>"; };
		7DF2AD9C28754948005874AD /* ProfileViewModelProtocol.swift */ = {isa = PBXFileReference; lastKnownFileType = sourcecode.swift; path = ProfileViewModelProtocol.swift; sourceTree = "<group>"; };
		7DF2AD9E28755554005874AD /* SettingsViewModelProtocol.swift */ = {isa = PBXFileReference; lastKnownFileType = sourcecode.swift; path = SettingsViewModelProtocol.swift; sourceTree = "<group>"; };
		BC2ED8F006AE3B7D52BCEA87 /* Pods-iOSExamTest.release.xcconfig */ = {isa = PBXFileReference; includeInIndex = 1; lastKnownFileType = text.xcconfig; name = "Pods-iOSExamTest.release.xcconfig"; path = "Target Support Files/Pods-iOSExamTest/Pods-iOSExamTest.release.xcconfig"; sourceTree = "<group>"; };
		F067A1334CCEFCF18E045B48 /* Pods_iOSExamTest.framework */ = {isa = PBXFileReference; explicitFileType = wrapper.framework; includeInIndex = 0; path = Pods_iOSExamTest.framework; sourceTree = BUILT_PRODUCTS_DIR; };
/* End PBXFileReference section */

/* Begin PBXFrameworksBuildPhase section */
		7D8DA9BA286CADCA00ADC671 /* Frameworks */ = {
			isa = PBXFrameworksBuildPhase;
			buildActionMask = 2147483647;
			files = (
				B4858B1739EC79A41CF622A4 /* Pods_iOSExamTest.framework in Frameworks */,
			);
			runOnlyForDeploymentPostprocessing = 0;
		};
		7D8DA9D0286CADCB00ADC671 /* Frameworks */ = {
			isa = PBXFrameworksBuildPhase;
			buildActionMask = 2147483647;
			files = (
			);
			runOnlyForDeploymentPostprocessing = 0;
		};
		7D8DA9DA286CADCB00ADC671 /* Frameworks */ = {
			isa = PBXFrameworksBuildPhase;
			buildActionMask = 2147483647;
			files = (
			);
			runOnlyForDeploymentPostprocessing = 0;
		};
/* End PBXFrameworksBuildPhase section */

/* Begin PBXGroup section */
		0E30EF2196B6DC22C09C0529 /* Frameworks */ = {
			isa = PBXGroup;
			children = (
				F067A1334CCEFCF18E045B48 /* Pods_iOSExamTest.framework */,
			);
			name = Frameworks;
			sourceTree = "<group>";
		};
		1770BF0C5D2A3A594E31E1EE /* Pods */ = {
			isa = PBXGroup;
			children = (
				2CE7DCADEABBA4E99144E322 /* Pods-iOSExamTest.debug.xcconfig */,
				BC2ED8F006AE3B7D52BCEA87 /* Pods-iOSExamTest.release.xcconfig */,
			);
			path = Pods;
			sourceTree = "<group>";
		};
		7D0696372871B9DB00E4F021 /* UI */ = {
			isa = PBXGroup;
			children = (
				7DF2AD9928753F4F005874AD /* Main */,
				7D0696412871C20900E4F021 /* AddPost */,
			);
			path = UI;
			sourceTree = "<group>";
		};
		7D0696382871B9E500E4F021 /* Models */ = {
			isa = PBXGroup;
			children = (
				7DF2AD6E28743408005874AD /* Request */,
				7DF2AD6D287433FB005874AD /* Response */,
			);
			path = Models;
			sourceTree = "<group>";
		};
		7D06963B2871BA1200E4F021 /* API */ = {
			isa = PBXGroup;
			children = (
				7DF2AD692874191A005874AD /* ProfileAPI.swift */,
			);
			path = API;
			sourceTree = "<group>";
		};
		7D0696412871C20900E4F021 /* AddPost */ = {
			isa = PBXGroup;
			children = (
				7D0696422871C21F00E4F021 /* AddPostViewController.swift */,
				7D0696432871C21F00E4F021 /* AddPostViewController.xib */,
				7DF2AD7128743872005874AD /* AddPostViewModelProtocol.swift */,
				7DF2AD73287438A3005874AD /* AddPostViewModel.swift */,
			);
			path = AddPost;
			sourceTree = "<group>";
		};
		7D8DA9B4286CADCA00ADC671 = {
			isa = PBXGroup;
			children = (
				7D8DA9BF286CADCA00ADC671 /* iOSExamTest */,
				7D8DA9D6286CADCB00ADC671 /* iOSExamTestTests */,
				7D8DA9E0286CADCB00ADC671 /* iOSExamTestUITests */,
				7D8DA9BE286CADCA00ADC671 /* Products */,
				1770BF0C5D2A3A594E31E1EE /* Pods */,
				0E30EF2196B6DC22C09C0529 /* Frameworks */,
			);
			sourceTree = "<group>";
		};
		7D8DA9BE286CADCA00ADC671 /* Products */ = {
			isa = PBXGroup;
			children = (
				7D8DA9BD286CADCA00ADC671 /* iOSExamTest.app */,
				7D8DA9D3286CADCB00ADC671 /* iOSExamTestTests.xctest */,
				7D8DA9DD286CADCB00ADC671 /* iOSExamTestUITests.xctest */,
			);
			name = Products;
			sourceTree = "<group>";
		};
		7D8DA9BF286CADCA00ADC671 /* iOSExamTest */ = {
			isa = PBXGroup;
			children = (
				7D8DAA04286CB74900ADC671 /* AppDelegate */,
				7D8DAA12286CC03400ADC671 /* Extensions */,
				7D8DAA0F286CBE8400ADC671 /* Helpers */,
				7D8DA9F1286CB1C000ADC671 /* Modules */,
				7D8DAA02286CB6CB00ADC671 /* GoogleService-Info.plist */,
				7D8DA9C9286CADCA00ADC671 /* Assets.xcassets */,
				7D8DA9CE286CADCA00ADC671 /* Info.plist */,
				7D06963F2871C00800E4F021 /* LaunchScreen.storyboard */,
			);
			path = iOSExamTest;
			sourceTree = "<group>";
		};
		7D8DA9D6286CADCB00ADC671 /* iOSExamTestTests */ = {
			isa = PBXGroup;
			children = (
				7D8DA9D7286CADCB00ADC671 /* iOSExamTestTests.swift */,
			);
			path = iOSExamTestTests;
			sourceTree = "<group>";
		};
		7D8DA9E0286CADCB00ADC671 /* iOSExamTestUITests */ = {
			isa = PBXGroup;
			children = (
				7D8DA9E1286CADCB00ADC671 /* iOSExamTestUITests.swift */,
				7D8DA9E3286CADCB00ADC671 /* iOSExamTestUITestsLaunchTests.swift */,
			);
			path = iOSExamTestUITests;
			sourceTree = "<group>";
		};
		7D8DA9F1286CB1C000ADC671 /* Modules */ = {
			isa = PBXGroup;
			children = (
				7DEA2E7A286DEC1A0095C1B9 /* Settings */,
				7DEA2E6E286DE92A0095C1B9 /* Dashboard */,
				7D8DAA09286CBA6300ADC671 /* Shared */,
				7D8DA9F4286CB1E400ADC671 /* Home */,
				7D8DA9F3286CB1DE00ADC671 /* Profile */,
				7D8DA9F2286CB1D200ADC671 /* Authentication */,
			);
			path = Modules;
			sourceTree = "<group>";
		};
		7D8DA9F2286CB1D200ADC671 /* Authentication */ = {
			isa = PBXGroup;
			children = (
				7D8DAA0C286CBE1400ADC671 /* Models */,
				7DF2AD83287468C2005874AD /* Registration */,
				7D8DA9F5286CB21600ADC671 /* Login */,
			);
			path = Authentication;
			sourceTree = "<group>";
		};
		7D8DA9F3286CB1DE00ADC671 /* Profile */ = {
			isa = PBXGroup;
			children = (
				7D06963B2871BA1200E4F021 /* API */,
				7D0696382871B9E500E4F021 /* Models */,
				7D0696372871B9DB00E4F021 /* UI */,
			);
			path = Profile;
			sourceTree = "<group>";
		};
		7D8DA9F4286CB1E400ADC671 /* Home */ = {
			isa = PBXGroup;
			children = (
				7DEA2E72286DEBF80095C1B9 /* HomeViewController.swift */,
				7DEA2E73286DEBF80095C1B9 /* HomeViewController.xib */,
				7DF2AD8F2874DBC2005874AD /* HomeViewModelProtocol.swift */,
				7DF2AD912874DC0E005874AD /* HomeViewModel.swift */,
			);
			path = Home;
			sourceTree = "<group>";
		};
		7D8DA9F5286CB21600ADC671 /* Login */ = {
			isa = PBXGroup;
			children = (
				7D8DAA00286CB5FA00ADC671 /* UI */,
			);
			path = Login;
			sourceTree = "<group>";
		};
		7D8DAA00286CB5FA00ADC671 /* UI */ = {
			isa = PBXGroup;
			children = (
				7D8DA9F8286CB24600ADC671 /* LoginViewController.swift */,
				7D8DA9FE286CB26F00ADC671 /* LoginViewModel.swift */,
				7D8DA9FC286CB25E00ADC671 /* LoginViewModelProtocol.swift */,
				7D8DA9F9286CB24600ADC671 /* LoginViewController.xib */,
			);
			path = UI;
			sourceTree = "<group>";
		};
		7D8DAA04286CB74900ADC671 /* AppDelegate */ = {
			isa = PBXGroup;
			children = (
				7D8DA9C0286CADCA00ADC671 /* AppDelegate.swift */,
				7D8DAA05286CB75D00ADC671 /* AppDelegate+Firebase.swift */,
				7D8DAA17286CC52C00ADC671 /* AppDelegate+RootViewController.swift */,
				7D8DAA1E286CD37600ADC671 /* AppDelegate+Notifications.swift */,
			);
			path = AppDelegate;
			sourceTree = "<group>";
		};
		7D8DAA09286CBA6300ADC671 /* Shared */ = {
			isa = PBXGroup;
			children = (
				7DF2AD77287464A9005874AD /* UI */,
				7D8DAA07286CBA5E00ADC671 /* UserInputValidity.swift */,
				7D8DAA0A286CBAD300ADC671 /* FirebaseAuthenticationManager.swift */,
				7DF2AD6B28742F11005874AD /* FirebaseAPIHelper.swift */,
				7DF2AD7528743987005874AD /* App.swift */,
			);
			path = Shared;
			sourceTree = "<group>";
		};
		7D8DAA0C286CBE1400ADC671 /* Models */ = {
			isa = PBXGroup;
			children = (
				7D8DAA0D286CBE2700ADC671 /* UserCredentials.swift */,
			);
			path = Models;
			sourceTree = "<group>";
		};
		7D8DAA0F286CBE8400ADC671 /* Helpers */ = {
			isa = PBXGroup;
			children = (
				7D8DAA10286CBEA100ADC671 /* Closures.swift */,
				7D8DAA1C286CD2C900ADC671 /* Notifications.swift */,
			);
			path = Helpers;
			sourceTree = "<group>";
		};
		7D8DAA12286CC03400ADC671 /* Extensions */ = {
			isa = PBXGroup;
			children = (
				7D8DAA13286CC04C00ADC671 /* UIKit */,
			);
			path = Extensions;
			sourceTree = "<group>";
		};
		7D8DAA13286CC04C00ADC671 /* UIKit */ = {
			isa = PBXGroup;
			children = (
				7DF2AD8C2874DA35005874AD /* UITableView */,
				7DF2AD892874D9D4005874AD /* UITableViewCell */,
				7D8DAA19286CC53A00ADC671 /* UIWindow */,
				7D8DAA14286CC05300ADC671 /* UIVIewController */,
			);
			path = UIKit;
			sourceTree = "<group>";
		};
		7D8DAA14286CC05300ADC671 /* UIVIewController */ = {
			isa = PBXGroup;
			children = (
				7D8DAA15286CC06300ADC671 /* UIVIewController+ErrorHandling.swift */,
				7D8DAA20286CD45700ADC671 /* UIViewController+Utils.swift */,
			);
			path = UIVIewController;
			sourceTree = "<group>";
		};
		7D8DAA19286CC53A00ADC671 /* UIWindow */ = {
			isa = PBXGroup;
			children = (
				7D8DAA1A286CC58700ADC671 /* UIWindow+RootController.swift */,
			);
			path = UIWindow;
			sourceTree = "<group>";
		};
		7DEA2E6E286DE92A0095C1B9 /* Dashboard */ = {
			isa = PBXGroup;
			children = (
				7DEA2E6F286DE9430095C1B9 /* UI */,
			);
			path = Dashboard;
			sourceTree = "<group>";
		};
		7DEA2E6F286DE9430095C1B9 /* UI */ = {
			isa = PBXGroup;
			children = (
				7DEA2E70286DE9600095C1B9 /* DashboardViewController.swift */,
			);
			path = UI;
			sourceTree = "<group>";
		};
		7DEA2E7A286DEC1A0095C1B9 /* Settings */ = {
			isa = PBXGroup;
			children = (
				7DEA2E7B286DEC2A0095C1B9 /* SettingsViewController.swift */,
				7DEA2E7C286DEC2A0095C1B9 /* SettingsViewController.xib */,
				7DF2AD9E28755554005874AD /* SettingsViewModelProtocol.swift */,
				7D0A77B52875571000AFCC3D /* SettingsViewModel.swift */,
			);
			path = Settings;
			sourceTree = "<group>";
		};
		7DF2AD6D287433FB005874AD /* Response */ = {
			isa = PBXGroup;
			children = (
				7D0696392871B9F600E4F021 /* Post.swift */,
				7D06963C2871BA4F00E4F021 /* User.swift */,
			);
			path = Response;
			sourceTree = "<group>";
		};
		7DF2AD6E28743408005874AD /* Request */ = {
			isa = PBXGroup;
			children = (
				7DF2AD6F28743443005874AD /* AddPostAPIParams.swift */,
				7DF2AD972874F274005874AD /* RegisterProfileAPIParams.swift */,
			);
			path = Request;
			sourceTree = "<group>";
		};
		7DF2AD77287464A9005874AD /* UI */ = {
			isa = PBXGroup;
			children = (
				7DF2AD78287464AF005874AD /* Components */,
			);
			path = UI;
			sourceTree = "<group>";
		};
		7DF2AD78287464AF005874AD /* Components */ = {
			isa = PBXGroup;
			children = (
				7DF2AD79287464B5005874AD /* UITableCell */,
			);
			path = Components;
			sourceTree = "<group>";
		};
		7DF2AD79287464B5005874AD /* UITableCell */ = {
			isa = PBXGroup;
			children = (
				7DF2AD7A287464BD005874AD /* PostItemTableCell */,
			);
			path = UITableCell;
			sourceTree = "<group>";
		};
		7DF2AD7A287464BD005874AD /* PostItemTableCell */ = {
			isa = PBXGroup;
			children = (
				7DF2AD7B287464E8005874AD /* PostItemTableViewCell.swift */,
				7DF2AD7C287464E9005874AD /* PostItemTableViewCell.xib */,
				7DF2AD7F287466F9005874AD /* PostItemCellViewModelProtocol.swift */,
				7DF2AD8128746728005874AD /* PostItemCellViewModel.swift */,
			);
			path = PostItemTableCell;
			sourceTree = "<group>";
		};
		7DF2AD83287468C2005874AD /* Registration */ = {
			isa = PBXGroup;
			children = (
				7DF2AD84287468CA005874AD /* UI */,
			);
			path = Registration;
			sourceTree = "<group>";
		};
		7DF2AD84287468CA005874AD /* UI */ = {
			isa = PBXGroup;
			children = (
				7DF2AD852874690E005874AD /* RegistrationViewController.swift */,
				7DF2AD862874690E005874AD /* RegistrationViewController.xib */,
				7DF2AD932874EE34005874AD /* RegistrationViewModelProtocol.swift */,
				7DF2AD952874F03E005874AD /* RegistrationViewModel.swift */,
			);
			path = UI;
			sourceTree = "<group>";
		};
		7DF2AD892874D9D4005874AD /* UITableViewCell */ = {
			isa = PBXGroup;
			children = (
				7DF2AD8A2874DA12005874AD /* UITableViewCell+Dequeue.swift */,
			);
			path = UITableViewCell;
			sourceTree = "<group>";
		};
		7DF2AD8C2874DA35005874AD /* UITableView */ = {
			isa = PBXGroup;
			children = (
				7DF2AD8D2874DA49005874AD /* UITableView+Dequeue.swift */,
			);
			path = UITableView;
			sourceTree = "<group>";
		};
		7DF2AD9928753F4F005874AD /* Main */ = {
			isa = PBXGroup;
			children = (
				7DEA2E76286DEC120095C1B9 /* ProfileViewController.swift */,
				7DEA2E77286DEC120095C1B9 /* ProfileViewController.xib */,
				7DF2AD9A28753F7F005874AD /* ProfileViewModel.swift */,
				7DF2AD9C28754948005874AD /* ProfileViewModelProtocol.swift */,
			);
			path = Main;
			sourceTree = "<group>";
		};
/* End PBXGroup section */

/* Begin PBXNativeTarget section */
		7D8DA9BC286CADCA00ADC671 /* iOSExamTest */ = {
			isa = PBXNativeTarget;
			buildConfigurationList = 7D8DA9E7286CADCB00ADC671 /* Build configuration list for PBXNativeTarget "iOSExamTest" */;
			buildPhases = (
				F7194877EE9B733DB7365707 /* [CP] Check Pods Manifest.lock */,
				7D8DA9B9286CADCA00ADC671 /* Sources */,
				7D8DA9BA286CADCA00ADC671 /* Frameworks */,
				7D8DA9BB286CADCA00ADC671 /* Resources */,
				4ECAC146AB9DBF013680FC49 /* [CP] Embed Pods Frameworks */,
				7D8DA9F0286CB0D700ADC671 /* ShellScript */,
			);
			buildRules = (
			);
			dependencies = (
			);
			name = iOSExamTest;
			productName = iOSExamTest;
			productReference = 7D8DA9BD286CADCA00ADC671 /* iOSExamTest.app */;
			productType = "com.apple.product-type.application";
		};
		7D8DA9D2286CADCB00ADC671 /* iOSExamTestTests */ = {
			isa = PBXNativeTarget;
			buildConfigurationList = 7D8DA9EA286CADCB00ADC671 /* Build configuration list for PBXNativeTarget "iOSExamTestTests" */;
			buildPhases = (
				7D8DA9CF286CADCB00ADC671 /* Sources */,
				7D8DA9D0286CADCB00ADC671 /* Frameworks */,
				7D8DA9D1286CADCB00ADC671 /* Resources */,
			);
			buildRules = (
			);
			dependencies = (
				7D8DA9D5286CADCB00ADC671 /* PBXTargetDependency */,
			);
			name = iOSExamTestTests;
			productName = iOSExamTestTests;
			productReference = 7D8DA9D3286CADCB00ADC671 /* iOSExamTestTests.xctest */;
			productType = "com.apple.product-type.bundle.unit-test";
		};
		7D8DA9DC286CADCB00ADC671 /* iOSExamTestUITests */ = {
			isa = PBXNativeTarget;
			buildConfigurationList = 7D8DA9ED286CADCB00ADC671 /* Build configuration list for PBXNativeTarget "iOSExamTestUITests" */;
			buildPhases = (
				7D8DA9D9286CADCB00ADC671 /* Sources */,
				7D8DA9DA286CADCB00ADC671 /* Frameworks */,
				7D8DA9DB286CADCB00ADC671 /* Resources */,
			);
			buildRules = (
			);
			dependencies = (
				7D8DA9DF286CADCB00ADC671 /* PBXTargetDependency */,
			);
			name = iOSExamTestUITests;
			productName = iOSExamTestUITests;
			productReference = 7D8DA9DD286CADCB00ADC671 /* iOSExamTestUITests.xctest */;
			productType = "com.apple.product-type.bundle.ui-testing";
		};
/* End PBXNativeTarget section */

/* Begin PBXProject section */
		7D8DA9B5286CADCA00ADC671 /* Project object */ = {
			isa = PBXProject;
			attributes = {
				BuildIndependentTargetsInParallel = 1;
				LastSwiftUpdateCheck = 1310;
				LastUpgradeCheck = 1310;
				TargetAttributes = {
					7D8DA9BC286CADCA00ADC671 = {
						CreatedOnToolsVersion = 13.1;
					};
					7D8DA9D2286CADCB00ADC671 = {
						CreatedOnToolsVersion = 13.1;
						TestTargetID = 7D8DA9BC286CADCA00ADC671;
					};
					7D8DA9DC286CADCB00ADC671 = {
						CreatedOnToolsVersion = 13.1;
						TestTargetID = 7D8DA9BC286CADCA00ADC671;
					};
				};
			};
			buildConfigurationList = 7D8DA9B8286CADCA00ADC671 /* Build configuration list for PBXProject "iOSExamTest" */;
			compatibilityVersion = "Xcode 13.0";
			developmentRegion = en;
			hasScannedForEncodings = 0;
			knownRegions = (
				en,
				Base,
			);
			mainGroup = 7D8DA9B4286CADCA00ADC671;
			productRefGroup = 7D8DA9BE286CADCA00ADC671 /* Products */;
			projectDirPath = "";
			projectRoot = "";
			targets = (
				7D8DA9BC286CADCA00ADC671 /* iOSExamTest */,
				7D8DA9D2286CADCB00ADC671 /* iOSExamTestTests */,
				7D8DA9DC286CADCB00ADC671 /* iOSExamTestUITests */,
			);
		};
/* End PBXProject section */

/* Begin PBXResourcesBuildPhase section */
		7D8DA9BB286CADCA00ADC671 /* Resources */ = {
			isa = PBXResourcesBuildPhase;
			buildActionMask = 2147483647;
			files = (
				7D0696452871C21F00E4F021 /* AddPostViewController.xib in Resources */,
				7DEA2E79286DEC120095C1B9 /* ProfileViewController.xib in Resources */,
				7D8DA9FB286CB24600ADC671 /* LoginViewController.xib in Resources */,
				7DEA2E75286DEBF80095C1B9 /* HomeViewController.xib in Resources */,
				7DF2AD7E287464E9005874AD /* PostItemTableViewCell.xib in Resources */,
				7DF2AD882874690E005874AD /* RegistrationViewController.xib in Resources */,
				7D8DAA03286CB6CB00ADC671 /* GoogleService-Info.plist in Resources */,
				7D0696402871C00800E4F021 /* LaunchScreen.storyboard in Resources */,
				7DEA2E7E286DEC2A0095C1B9 /* SettingsViewController.xib in Resources */,
				7D8DA9CA286CADCA00ADC671 /* Assets.xcassets in Resources */,
			);
			runOnlyForDeploymentPostprocessing = 0;
		};
		7D8DA9D1286CADCB00ADC671 /* Resources */ = {
			isa = PBXResourcesBuildPhase;
			buildActionMask = 2147483647;
			files = (
			);
			runOnlyForDeploymentPostprocessing = 0;
		};
		7D8DA9DB286CADCB00ADC671 /* Resources */ = {
			isa = PBXResourcesBuildPhase;
			buildActionMask = 2147483647;
			files = (
			);
			runOnlyForDeploymentPostprocessing = 0;
		};
/* End PBXResourcesBuildPhase section */

/* Begin PBXShellScriptBuildPhase section */
		4ECAC146AB9DBF013680FC49 /* [CP] Embed Pods Frameworks */ = {
			isa = PBXShellScriptBuildPhase;
			buildActionMask = 2147483647;
			files = (
			);
			inputFileListPaths = (
				"${PODS_ROOT}/Target Support Files/Pods-iOSExamTest/Pods-iOSExamTest-frameworks-${CONFIGURATION}-input-files.xcfilelist",
			);
			name = "[CP] Embed Pods Frameworks";
			outputFileListPaths = (
				"${PODS_ROOT}/Target Support Files/Pods-iOSExamTest/Pods-iOSExamTest-frameworks-${CONFIGURATION}-output-files.xcfilelist",
			);
			runOnlyForDeploymentPostprocessing = 0;
			shellPath = /bin/sh;
			shellScript = "\"${PODS_ROOT}/Target Support Files/Pods-iOSExamTest/Pods-iOSExamTest-frameworks.sh\"\n";
			showEnvVarsInLog = 0;
		};
		7D8DA9F0286CB0D700ADC671 /* ShellScript */ = {
			isa = PBXShellScriptBuildPhase;
			buildActionMask = 2147483647;
			files = (
			);
			inputFileListPaths = (
			);
			inputPaths = (
			);
			outputFileListPaths = (
			);
			outputPaths = (
			);
			runOnlyForDeploymentPostprocessing = 0;
			shellPath = /bin/sh;
			shellScript = "\"${PODS_ROOT}/SwiftLint/swiftlint\"\n";
		};
		F7194877EE9B733DB7365707 /* [CP] Check Pods Manifest.lock */ = {
			isa = PBXShellScriptBuildPhase;
			buildActionMask = 2147483647;
			files = (
			);
			inputFileListPaths = (
			);
			inputPaths = (
				"${PODS_PODFILE_DIR_PATH}/Podfile.lock",
				"${PODS_ROOT}/Manifest.lock",
			);
			name = "[CP] Check Pods Manifest.lock";
			outputFileListPaths = (
			);
			outputPaths = (
				"$(DERIVED_FILE_DIR)/Pods-iOSExamTest-checkManifestLockResult.txt",
			);
			runOnlyForDeploymentPostprocessing = 0;
			shellPath = /bin/sh;
			shellScript = "diff \"${PODS_PODFILE_DIR_PATH}/Podfile.lock\" \"${PODS_ROOT}/Manifest.lock\" > /dev/null\nif [ $? != 0 ] ; then\n    # print error to STDERR\n    echo \"error: The sandbox is not in sync with the Podfile.lock. Run 'pod install' or update your CocoaPods installation.\" >&2\n    exit 1\nfi\n# This output is used by Xcode 'outputs' to avoid re-running this script phase.\necho \"SUCCESS\" > \"${SCRIPT_OUTPUT_FILE_0}\"\n";
			showEnvVarsInLog = 0;
		};
/* End PBXShellScriptBuildPhase section */

/* Begin PBXSourcesBuildPhase section */
		7D8DA9B9286CADCA00ADC671 /* Sources */ = {
			isa = PBXSourcesBuildPhase;
			buildActionMask = 2147483647;
			files = (
				7D8DAA06286CB75D00ADC671 /* AppDelegate+Firebase.swift in Sources */,
				7D8DAA18286CC52C00ADC671 /* AppDelegate+RootViewController.swift in Sources */,
				7D8DA9FA286CB24600ADC671 /* LoginViewController.swift in Sources */,
				7DF2AD962874F03E005874AD /* RegistrationViewModel.swift in Sources */,
				7DEA2E74286DEBF80095C1B9 /* HomeViewController.swift in Sources */,
				7D8DAA16286CC06300ADC671 /* UIVIewController+ErrorHandling.swift in Sources */,
				7DF2AD7D287464E9005874AD /* PostItemTableViewCell.swift in Sources */,
				7DF2AD7628743987005874AD /* App.swift in Sources */,
				7DF2AD942874EE34005874AD /* RegistrationViewModelProtocol.swift in Sources */,
				7DEA2E7D286DEC2A0095C1B9 /* SettingsViewController.swift in Sources */,
				7D8DAA1F286CD37600ADC671 /* AppDelegate+Notifications.swift in Sources */,
				7DEA2E78286DEC120095C1B9 /* ProfileViewController.swift in Sources */,
				7DF2AD902874DBC2005874AD /* HomeViewModelProtocol.swift in Sources */,
				7DF2AD9D28754948005874AD /* ProfileViewModelProtocol.swift in Sources */,
				7DF2AD872874690E005874AD /* RegistrationViewController.swift in Sources */,
				7D0A77B62875571000AFCC3D /* SettingsViewModel.swift in Sources */,
				7DF2AD9B28753F7F005874AD /* ProfileViewModel.swift in Sources */,
				7D8DAA0B286CBAD300ADC671 /* FirebaseAuthenticationManager.swift in Sources */,
				7DF2AD80287466F9005874AD /* PostItemCellViewModelProtocol.swift in Sources */,
				7DF2AD8B2874DA12005874AD /* UITableViewCell+Dequeue.swift in Sources */,
				7D8DA9FF286CB26F00ADC671 /* LoginViewModel.swift in Sources */,
				7DF2AD7228743872005874AD /* AddPostViewModelProtocol.swift in Sources */,
				7D8DA9C1286CADCA00ADC671 /* AppDelegate.swift in Sources */,
				7DF2AD8228746728005874AD /* PostItemCellViewModel.swift in Sources */,
				7DF2AD922874DC0E005874AD /* HomeViewModel.swift in Sources */,
				7D8DAA1D286CD2C900ADC671 /* Notifications.swift in Sources */,
				7D8DA9FD286CB25E00ADC671 /* LoginViewModelProtocol.swift in Sources */,
				7D8DAA1B286CC58700ADC671 /* UIWindow+RootController.swift in Sources */,
				7D8DAA08286CBA5E00ADC671 /* UserInputValidity.swift in Sources */,
				7D8DAA0E286CBE2700ADC671 /* UserCredentials.swift in Sources */,
				7D8DAA11286CBEA100ADC671 /* Closures.swift in Sources */,
				7D8DAA21286CD45700ADC671 /* UIViewController+Utils.swift in Sources */,
				7DF2AD7028743444005874AD /* AddPostAPIParams.swift in Sources */,
				7DEA2E71286DE9600095C1B9 /* DashboardViewController.swift in Sources */,
				7D06963A2871B9F600E4F021 /* Post.swift in Sources */,
				7DF2AD6A2874191A005874AD /* ProfileAPI.swift in Sources */,
				7DF2AD6C28742F11005874AD /* FirebaseAPIHelper.swift in Sources */,
				7D0696442871C21F00E4F021 /* AddPostViewController.swift in Sources */,
				7DF2AD9F28755554005874AD /* SettingsViewModelProtocol.swift in Sources */,
				7DF2AD74287438A4005874AD /* AddPostViewModel.swift in Sources */,
				7DF2AD982874F274005874AD /* RegisterProfileAPIParams.swift in Sources */,
				7DF2AD8E2874DA49005874AD /* UITableView+Dequeue.swift in Sources */,
				7D06963D2871BA4F00E4F021 /* User.swift in Sources */,
			);
			runOnlyForDeploymentPostprocessing = 0;
		};
		7D8DA9CF286CADCB00ADC671 /* Sources */ = {
			isa = PBXSourcesBuildPhase;
			buildActionMask = 2147483647;
			files = (
				7D8DA9D8286CADCB00ADC671 /* iOSExamTestTests.swift in Sources */,
			);
			runOnlyForDeploymentPostprocessing = 0;
		};
		7D8DA9D9286CADCB00ADC671 /* Sources */ = {
			isa = PBXSourcesBuildPhase;
			buildActionMask = 2147483647;
			files = (
				7D8DA9E2286CADCB00ADC671 /* iOSExamTestUITests.swift in Sources */,
				7D8DA9E4286CADCB00ADC671 /* iOSExamTestUITestsLaunchTests.swift in Sources */,
			);
			runOnlyForDeploymentPostprocessing = 0;
		};
/* End PBXSourcesBuildPhase section */

/* Begin PBXTargetDependency section */
		7D8DA9D5286CADCB00ADC671 /* PBXTargetDependency */ = {
			isa = PBXTargetDependency;
			target = 7D8DA9BC286CADCA00ADC671 /* iOSExamTest */;
			targetProxy = 7D8DA9D4286CADCB00ADC671 /* PBXContainerItemProxy */;
		};
		7D8DA9DF286CADCB00ADC671 /* PBXTargetDependency */ = {
			isa = PBXTargetDependency;
			target = 7D8DA9BC286CADCA00ADC671 /* iOSExamTest */;
			targetProxy = 7D8DA9DE286CADCB00ADC671 /* PBXContainerItemProxy */;
		};
/* End PBXTargetDependency section */

/* Begin XCBuildConfiguration section */
		7D8DA9E5286CADCB00ADC671 /* Debug */ = {
			isa = XCBuildConfiguration;
			buildSettings = {
				ALWAYS_SEARCH_USER_PATHS = NO;
				CLANG_ANALYZER_NONNULL = YES;
				CLANG_ANALYZER_NUMBER_OBJECT_CONVERSION = YES_AGGRESSIVE;
				CLANG_CXX_LANGUAGE_STANDARD = "gnu++17";
				CLANG_CXX_LIBRARY = "libc++";
				CLANG_ENABLE_MODULES = YES;
				CLANG_ENABLE_OBJC_ARC = YES;
				CLANG_ENABLE_OBJC_WEAK = YES;
				CLANG_WARN_BLOCK_CAPTURE_AUTORELEASING = YES;
				CLANG_WARN_BOOL_CONVERSION = YES;
				CLANG_WARN_COMMA = YES;
				CLANG_WARN_CONSTANT_CONVERSION = YES;
				CLANG_WARN_DEPRECATED_OBJC_IMPLEMENTATIONS = YES;
				CLANG_WARN_DIRECT_OBJC_ISA_USAGE = YES_ERROR;
				CLANG_WARN_DOCUMENTATION_COMMENTS = YES;
				CLANG_WARN_EMPTY_BODY = YES;
				CLANG_WARN_ENUM_CONVERSION = YES;
				CLANG_WARN_INFINITE_RECURSION = YES;
				CLANG_WARN_INT_CONVERSION = YES;
				CLANG_WARN_NON_LITERAL_NULL_CONVERSION = YES;
				CLANG_WARN_OBJC_IMPLICIT_RETAIN_SELF = YES;
				CLANG_WARN_OBJC_LITERAL_CONVERSION = YES;
				CLANG_WARN_OBJC_ROOT_CLASS = YES_ERROR;
				CLANG_WARN_QUOTED_INCLUDE_IN_FRAMEWORK_HEADER = YES;
				CLANG_WARN_RANGE_LOOP_ANALYSIS = YES;
				CLANG_WARN_STRICT_PROTOTYPES = YES;
				CLANG_WARN_SUSPICIOUS_MOVE = YES;
				CLANG_WARN_UNGUARDED_AVAILABILITY = YES_AGGRESSIVE;
				CLANG_WARN_UNREACHABLE_CODE = YES;
				CLANG_WARN__DUPLICATE_METHOD_MATCH = YES;
				COPY_PHASE_STRIP = NO;
				DEBUG_INFORMATION_FORMAT = dwarf;
				ENABLE_STRICT_OBJC_MSGSEND = YES;
				ENABLE_TESTABILITY = YES;
				GCC_C_LANGUAGE_STANDARD = gnu11;
				GCC_DYNAMIC_NO_PIC = NO;
				GCC_NO_COMMON_BLOCKS = YES;
				GCC_OPTIMIZATION_LEVEL = 0;
				GCC_PREPROCESSOR_DEFINITIONS = (
					"DEBUG=1",
					"$(inherited)",
				);
				GCC_WARN_64_TO_32_BIT_CONVERSION = YES;
				GCC_WARN_ABOUT_RETURN_TYPE = YES_ERROR;
				GCC_WARN_UNDECLARED_SELECTOR = YES;
				GCC_WARN_UNINITIALIZED_AUTOS = YES_AGGRESSIVE;
				GCC_WARN_UNUSED_FUNCTION = YES;
				GCC_WARN_UNUSED_VARIABLE = YES;
				IPHONEOS_DEPLOYMENT_TARGET = 15.0;
				MTL_ENABLE_DEBUG_INFO = INCLUDE_SOURCE;
				MTL_FAST_MATH = YES;
				ONLY_ACTIVE_ARCH = YES;
				SDKROOT = iphoneos;
				SWIFT_ACTIVE_COMPILATION_CONDITIONS = DEBUG;
				SWIFT_OPTIMIZATION_LEVEL = "-Onone";
			};
			name = Debug;
		};
		7D8DA9E6286CADCB00ADC671 /* Release */ = {
			isa = XCBuildConfiguration;
			buildSettings = {
				ALWAYS_SEARCH_USER_PATHS = NO;
				CLANG_ANALYZER_NONNULL = YES;
				CLANG_ANALYZER_NUMBER_OBJECT_CONVERSION = YES_AGGRESSIVE;
				CLANG_CXX_LANGUAGE_STANDARD = "gnu++17";
				CLANG_CXX_LIBRARY = "libc++";
				CLANG_ENABLE_MODULES = YES;
				CLANG_ENABLE_OBJC_ARC = YES;
				CLANG_ENABLE_OBJC_WEAK = YES;
				CLANG_WARN_BLOCK_CAPTURE_AUTORELEASING = YES;
				CLANG_WARN_BOOL_CONVERSION = YES;
				CLANG_WARN_COMMA = YES;
				CLANG_WARN_CONSTANT_CONVERSION = YES;
				CLANG_WARN_DEPRECATED_OBJC_IMPLEMENTATIONS = YES;
				CLANG_WARN_DIRECT_OBJC_ISA_USAGE = YES_ERROR;
				CLANG_WARN_DOCUMENTATION_COMMENTS = YES;
				CLANG_WARN_EMPTY_BODY = YES;
				CLANG_WARN_ENUM_CONVERSION = YES;
				CLANG_WARN_INFINITE_RECURSION = YES;
				CLANG_WARN_INT_CONVERSION = YES;
				CLANG_WARN_NON_LITERAL_NULL_CONVERSION = YES;
				CLANG_WARN_OBJC_IMPLICIT_RETAIN_SELF = YES;
				CLANG_WARN_OBJC_LITERAL_CONVERSION = YES;
				CLANG_WARN_OBJC_ROOT_CLASS = YES_ERROR;
				CLANG_WARN_QUOTED_INCLUDE_IN_FRAMEWORK_HEADER = YES;
				CLANG_WARN_RANGE_LOOP_ANALYSIS = YES;
				CLANG_WARN_STRICT_PROTOTYPES = YES;
				CLANG_WARN_SUSPICIOUS_MOVE = YES;
				CLANG_WARN_UNGUARDED_AVAILABILITY = YES_AGGRESSIVE;
				CLANG_WARN_UNREACHABLE_CODE = YES;
				CLANG_WARN__DUPLICATE_METHOD_MATCH = YES;
				COPY_PHASE_STRIP = NO;
				DEBUG_INFORMATION_FORMAT = "dwarf-with-dsym";
				ENABLE_NS_ASSERTIONS = NO;
				ENABLE_STRICT_OBJC_MSGSEND = YES;
				GCC_C_LANGUAGE_STANDARD = gnu11;
				GCC_NO_COMMON_BLOCKS = YES;
				GCC_WARN_64_TO_32_BIT_CONVERSION = YES;
				GCC_WARN_ABOUT_RETURN_TYPE = YES_ERROR;
				GCC_WARN_UNDECLARED_SELECTOR = YES;
				GCC_WARN_UNINITIALIZED_AUTOS = YES_AGGRESSIVE;
				GCC_WARN_UNUSED_FUNCTION = YES;
				GCC_WARN_UNUSED_VARIABLE = YES;
				IPHONEOS_DEPLOYMENT_TARGET = 15.0;
				MTL_ENABLE_DEBUG_INFO = NO;
				MTL_FAST_MATH = YES;
				SDKROOT = iphoneos;
				SWIFT_COMPILATION_MODE = wholemodule;
				SWIFT_OPTIMIZATION_LEVEL = "-O";
				VALIDATE_PRODUCT = YES;
			};
			name = Release;
		};
		7D8DA9E8286CADCB00ADC671 /* Debug */ = {
			isa = XCBuildConfiguration;
			baseConfigurationReference = 2CE7DCADEABBA4E99144E322 /* Pods-iOSExamTest.debug.xcconfig */;
			buildSettings = {
				ASSETCATALOG_COMPILER_APPICON_NAME = AppIcon;
				ASSETCATALOG_COMPILER_GLOBAL_ACCENT_COLOR_NAME = AccentColor;
				CODE_SIGN_STYLE = Automatic;
				CURRENT_PROJECT_VERSION = 1;
				"EXCLUDED_ARCHS[sdk=iphonesimulator*]" = arm64;
				GENERATE_INFOPLIST_FILE = YES;
				INFOPLIST_FILE = iOSExamTest/Info.plist;
				INFOPLIST_KEY_UIApplicationSupportsIndirectInputEvents = YES;
				INFOPLIST_KEY_UILaunchStoryboardName = LaunchScreen;
				INFOPLIST_KEY_UISupportedInterfaceOrientations_iPad = "UIInterfaceOrientationPortrait UIInterfaceOrientationPortraitUpsideDown UIInterfaceOrientationLandscapeLeft UIInterfaceOrientationLandscapeRight";
				INFOPLIST_KEY_UISupportedInterfaceOrientations_iPhone = "UIInterfaceOrientationPortrait UIInterfaceOrientationLandscapeLeft UIInterfaceOrientationLandscapeRight";
				LD_RUNPATH_SEARCH_PATHS = (
					"$(inherited)",
					"@executable_path/Frameworks",
				);
				MARKETING_VERSION = 1.0;
				PRODUCT_BUNDLE_IDENTIFIER = com.mddiwa.iOSExamTest;
				PRODUCT_NAME = "$(TARGET_NAME)";
				SWIFT_EMIT_LOC_STRINGS = YES;
				SWIFT_VERSION = 5.0;
				TARGETED_DEVICE_FAMILY = "1,2";
			};
			name = Debug;
		};
		7D8DA9E9286CADCB00ADC671 /* Release */ = {
			isa = XCBuildConfiguration;
			baseConfigurationReference = BC2ED8F006AE3B7D52BCEA87 /* Pods-iOSExamTest.release.xcconfig */;
			buildSettings = {
				ASSETCATALOG_COMPILER_APPICON_NAME = AppIcon;
				ASSETCATALOG_COMPILER_GLOBAL_ACCENT_COLOR_NAME = AccentColor;
				CODE_SIGN_STYLE = Automatic;
				CURRENT_PROJECT_VERSION = 1;
				GENERATE_INFOPLIST_FILE = YES;
				INFOPLIST_FILE = iOSExamTest/Info.plist;
				INFOPLIST_KEY_UIApplicationSupportsIndirectInputEvents = YES;
				INFOPLIST_KEY_UILaunchStoryboardName = LaunchScreen;
				INFOPLIST_KEY_UISupportedInterfaceOrientations_iPad = "UIInterfaceOrientationPortrait UIInterfaceOrientationPortraitUpsideDown UIInterfaceOrientationLandscapeLeft UIInterfaceOrientationLandscapeRight";
				INFOPLIST_KEY_UISupportedInterfaceOrientations_iPhone = "UIInterfaceOrientationPortrait UIInterfaceOrientationLandscapeLeft UIInterfaceOrientationLandscapeRight";
				LD_RUNPATH_SEARCH_PATHS = (
					"$(inherited)",
					"@executable_path/Frameworks",
				);
				MARKETING_VERSION = 1.0;
				PRODUCT_BUNDLE_IDENTIFIER = com.mddiwa.iOSExamTest;
				PRODUCT_NAME = "$(TARGET_NAME)";
				SWIFT_EMIT_LOC_STRINGS = YES;
				SWIFT_VERSION = 5.0;
				TARGETED_DEVICE_FAMILY = "1,2";
			};
			name = Release;
		};
		7D8DA9EB286CADCB00ADC671 /* Debug */ = {
			isa = XCBuildConfiguration;
			buildSettings = {
				ALWAYS_EMBED_SWIFT_STANDARD_LIBRARIES = YES;
				BUNDLE_LOADER = "$(TEST_HOST)";
				CODE_SIGN_STYLE = Automatic;
				CURRENT_PROJECT_VERSION = 1;
				GENERATE_INFOPLIST_FILE = YES;
				IPHONEOS_DEPLOYMENT_TARGET = 15.0;
				LD_RUNPATH_SEARCH_PATHS = (
					"$(inherited)",
					"@executable_path/Frameworks",
					"@loader_path/Frameworks",
				);
				MARKETING_VERSION = 1.0;
				PRODUCT_BUNDLE_IDENTIFIER = com.mddiwa.iOSExamTestTests;
				PRODUCT_NAME = "$(TARGET_NAME)";
				SWIFT_EMIT_LOC_STRINGS = NO;
				SWIFT_VERSION = 5.0;
				TARGETED_DEVICE_FAMILY = "1,2";
				TEST_HOST = "$(BUILT_PRODUCTS_DIR)/iOSExamTest.app/iOSExamTest";
			};
			name = Debug;
		};
		7D8DA9EC286CADCB00ADC671 /* Release */ = {
			isa = XCBuildConfiguration;
			buildSettings = {
				ALWAYS_EMBED_SWIFT_STANDARD_LIBRARIES = YES;
				BUNDLE_LOADER = "$(TEST_HOST)";
				CODE_SIGN_STYLE = Automatic;
				CURRENT_PROJECT_VERSION = 1;
				GENERATE_INFOPLIST_FILE = YES;
				IPHONEOS_DEPLOYMENT_TARGET = 15.0;
				LD_RUNPATH_SEARCH_PATHS = (
					"$(inherited)",
					"@executable_path/Frameworks",
					"@loader_path/Frameworks",
				);
				MARKETING_VERSION = 1.0;
				PRODUCT_BUNDLE_IDENTIFIER = com.mddiwa.iOSExamTestTests;
				PRODUCT_NAME = "$(TARGET_NAME)";
				SWIFT_EMIT_LOC_STRINGS = NO;
				SWIFT_VERSION = 5.0;
				TARGETED_DEVICE_FAMILY = "1,2";
				TEST_HOST = "$(BUILT_PRODUCTS_DIR)/iOSExamTest.app/iOSExamTest";
			};
			name = Release;
		};
		7D8DA9EE286CADCB00ADC671 /* Debug */ = {
			isa = XCBuildConfiguration;
			buildSettings = {
				ALWAYS_EMBED_SWIFT_STANDARD_LIBRARIES = YES;
				CODE_SIGN_STYLE = Automatic;
				CURRENT_PROJECT_VERSION = 1;
				GENERATE_INFOPLIST_FILE = YES;
				LD_RUNPATH_SEARCH_PATHS = (
					"$(inherited)",
					"@executable_path/Frameworks",
					"@loader_path/Frameworks",
				);
				MARKETING_VERSION = 1.0;
				PRODUCT_BUNDLE_IDENTIFIER = com.mddiwa.iOSExamTestUITests;
				PRODUCT_NAME = "$(TARGET_NAME)";
				SWIFT_EMIT_LOC_STRINGS = NO;
				SWIFT_VERSION = 5.0;
				TARGETED_DEVICE_FAMILY = "1,2";
				TEST_TARGET_NAME = iOSExamTest;
			};
			name = Debug;
		};
		7D8DA9EF286CADCB00ADC671 /* Release */ = {
			isa = XCBuildConfiguration;
			buildSettings = {
				ALWAYS_EMBED_SWIFT_STANDARD_LIBRARIES = YES;
				CODE_SIGN_STYLE = Automatic;
				CURRENT_PROJECT_VERSION = 1;
				GENERATE_INFOPLIST_FILE = YES;
				LD_RUNPATH_SEARCH_PATHS = (
					"$(inherited)",
					"@executable_path/Frameworks",
					"@loader_path/Frameworks",
				);
				MARKETING_VERSION = 1.0;
				PRODUCT_BUNDLE_IDENTIFIER = com.mddiwa.iOSExamTestUITests;
				PRODUCT_NAME = "$(TARGET_NAME)";
				SWIFT_EMIT_LOC_STRINGS = NO;
				SWIFT_VERSION = 5.0;
				TARGETED_DEVICE_FAMILY = "1,2";
				TEST_TARGET_NAME = iOSExamTest;
			};
			name = Release;
		};
/* End XCBuildConfiguration section */

/* Begin XCConfigurationList section */
		7D8DA9B8286CADCA00ADC671 /* Build configuration list for PBXProject "iOSExamTest" */ = {
			isa = XCConfigurationList;
			buildConfigurations = (
				7D8DA9E5286CADCB00ADC671 /* Debug */,
				7D8DA9E6286CADCB00ADC671 /* Release */,
			);
			defaultConfigurationIsVisible = 0;
			defaultConfigurationName = Release;
		};
		7D8DA9E7286CADCB00ADC671 /* Build configuration list for PBXNativeTarget "iOSExamTest" */ = {
			isa = XCConfigurationList;
			buildConfigurations = (
				7D8DA9E8286CADCB00ADC671 /* Debug */,
				7D8DA9E9286CADCB00ADC671 /* Release */,
			);
			defaultConfigurationIsVisible = 0;
			defaultConfigurationName = Release;
		};
		7D8DA9EA286CADCB00ADC671 /* Build configuration list for PBXNativeTarget "iOSExamTestTests" */ = {
			isa = XCConfigurationList;
			buildConfigurations = (
				7D8DA9EB286CADCB00ADC671 /* Debug */,
				7D8DA9EC286CADCB00ADC671 /* Release */,
			);
			defaultConfigurationIsVisible = 0;
			defaultConfigurationName = Release;
		};
		7D8DA9ED286CADCB00ADC671 /* Build configuration list for PBXNativeTarget "iOSExamTestUITests" */ = {
			isa = XCConfigurationList;
			buildConfigurations = (
				7D8DA9EE286CADCB00ADC671 /* Debug */,
				7D8DA9EF286CADCB00ADC671 /* Release */,
			);
			defaultConfigurationIsVisible = 0;
			defaultConfigurationName = Release;
		};
/* End XCConfigurationList section */
	};
	rootObject = 7D8DA9B5286CADCA00ADC671 /* Project object */;
}
